{
  "name": "cv",
  "version": "0.0.0",
  "lockfileVersion": 1,
  "requires": true,
  "dependencies": {
    "animate.css": {
      "version": "3.7.2",
      "resolved": "https://registry.npmjs.org/animate.css/-/animate.css-3.7.2.tgz",
      "integrity": "sha512-0bE8zYo7C0KvgOYrSVfrzkbYk6IOTVPNqkiHg2cbyF4Pq/PXzilz4BRWA3hwEUBoMp5VBgrC29lQIZyhRWdBTw=="
    },
    "atom_webatlas": {
      "version": "1.0.1",
      "resolved": "https://registry.npmjs.org/atom_webatlas/-/atom_webatlas-1.0.1.tgz",
      "integrity": "sha512-Ul2y1FOnV8LcD6EW/zXMNKlXL8T7Jtj2Wu0qFSNbi3WLTMTpknXbkLIxNRhhqBm1KEHHUtOlO0LwzNS2l6PXPQ=="
    },
    "font_webatlas": {
      "version": "1.0.0",
      "resolved": "https://registry.npmjs.org/font_webatlas/-/font_webatlas-1.0.0.tgz",
      "integrity": "sha512-uLQQzfj2bm89wetMsvFcBNeArQl2jQTjHpqZVyhkW5L9bkNFGq99V2Fr31V65uN9iYIeGiSf0V0zqFlujV+ytA=="
    },
    "screenfull": {
      "version": "4.2.0",
      "resolved": "https://registry.npmjs.org/screenfull/-/screenfull-4.2.0.tgz",
      "integrity": "sha512-qpyI9XbwuMJElWRP5vTgxkFAl4k7HpyhIqBFOZEwX9QBXn0MAuRSpn7LOc6/4CeSwoz61oBu1VPV+2fbIWC+5Q=="
    }
  }
}
